
Microsoft Visual Studio Solution File, Format Version 12.00
# Visual Studio Version 17
VisualStudioVersion = 17.2.32210.308
MinimumVisualStudioVersion = 10.0.40219.1
Project("{FAE04EC0-301F-11D3-BF4B-00C04F79EFBC}") = "CertUtility", "CertUtility\CertUtility.csproj", "{FD82BF50-5870-4F88-93AD-9A4F18BBB422}"
EndProject
Global
	GlobalSection(SolutionConfigurationPlatforms) = preSolution
		Debug|Any CPU = Debug|Any CPU
		Release|Any CPU = Release|Any CPU
	EndGlobalSection
	GlobalSection(ProjectConfigurationPlatforms) = postSolution
		{FD82BF50-5870-4F88-93AD-9A4F18BBB422}.Debug|Any CPU.ActiveCfg = Debug|Any CPU
		{FD82BF50-5870-4F88-93AD-9A4F18BBB422}.Debug|Any CPU.Build.0 = Debug|Any CPU
		{FD82BF50-5870-4F88-93AD-9A4F18BBB422}.Release|Any CPU.ActiveCfg = Release|Any CPU
		{FD82BF50-5870-4F88-93AD-9A4F18BBB422}.Release|Any CPU.Build.0 = Release|Any CPU
	EndGlobalSection
	GlobalSection(SolutionProperties) = preSolution
		HideSolutionNode = FALSE
	EndGlobalSection
	GlobalSection(ExtensibilityGlobals) = postSolution
		SolutionGuid = {916EA44F-247E-4B95-A7A5-A6EFD4F51281}
	EndGlobalSection
EndGlobal
